
Microsoft Visual Studio Solution File, Format Version 12.00
# Visual Studio Version 17
VisualStudioVersion = 17.5.002.0
MinimumVisualStudioVersion = 10.0.40219.1
Project("{2150E333-8FDC-42A3-9474-1A3956D46DE8}") = "docker-dotnet-sample", "docker-dotnet-sample", "{BB6B9AF7-7C9A-4CD8-8256-C8D0B39B5399}"
EndProject
Project("{9A19103F-16F7-4668-BE54-9A1E7A4F7556}") = "DotNet.Docker", "docker-dotnet-sample\App\DotNet.Docker.csproj", "{D9208ADA-0A86-47A5-9DC1-19B9717E9A1E}"
EndProject
Global
	GlobalSection(SolutionConfigurationPlatforms) = preSolution
		Debug|Any CPU = Debug|Any CPU
		Release|Any CPU = Release|Any CPU
	EndGlobalSection
	GlobalSection(ProjectConfigurationPlatforms) = postSolution
		{D9208ADA-0A86-47A5-9DC1-19B9717E9A1E}.Debug|Any CPU.ActiveCfg = Debug|Any CPU
		{D9208ADA-0A86-47A5-9DC1-19B9717E9A1E}.Debug|Any CPU.Build.0 = Debug|Any CPU
		{D9208ADA-0A86-47A5-9DC1-19B9717E9A1E}.Release|Any CPU.ActiveCfg = Release|Any CPU
		{D9208ADA-0A86-47A5-9DC1-19B9717E9A1E}.Release|Any CPU.Build.0 = Release|Any CPU
	EndGlobalSection
	GlobalSection(SolutionProperties) = preSolution
		HideSolutionNode = FALSE
	EndGlobalSection
	GlobalSection(NestedProjects) = preSolution
		{D9208ADA-0A86-47A5-9DC1-19B9717E9A1E} = {BB6B9AF7-7C9A-4CD8-8256-C8D0B39B5399}
	EndGlobalSection
	GlobalSection(ExtensibilityGlobals) = postSolution
		SolutionGuid = {E9B7BA7E-A932-4C49-90C4-4911A9938DA6}
	EndGlobalSection
EndGlobal
